
Microsoft Visual Studio Solution File, Format Version 12.00
# Visual Studio Version 17
VisualStudioVersion = 17.0.32112.339
MinimumVisualStudioVersion = 10.0.40219.1
Project("{FAE04EC0-301F-11D3-BF4B-00C04F79EFBC}") = "Mall_Management", "Login\Mall_Management.csproj", "{A5123FCF-2ABE-443C-A361-E89BF6EF19FA}"
EndProject
Global
	GlobalSection(SolutionConfigurationPlatforms) = preSolution
		Debug|Any CPU = Debug|Any CPU
		Release|Any CPU = Release|Any CPU
	EndGlobalSection
	GlobalSection(ProjectConfigurationPlatforms) = postSolution
		{A5123FCF-2ABE-443C-A361-E89BF6EF19FA}.Debug|Any CPU.ActiveCfg = Debug|Any CPU
		{A5123FCF-2ABE-443C-A361-E89BF6EF19FA}.Debug|Any CPU.Build.0 = Debug|Any CPU
		{A5123FCF-2ABE-443C-A361-E89BF6EF19FA}.Release|Any CPU.ActiveCfg = Release|Any CPU
		{A5123FCF-2ABE-443C-A361-E89BF6EF19FA}.Release|Any CPU.Build.0 = Release|Any CPU
	EndGlobalSection
	GlobalSection(SolutionProperties) = preSolution
		HideSolutionNode = FALSE
	EndGlobalSection
	GlobalSection(ExtensibilityGlobals) = postSolution
		SolutionGuid = {533B209C-9742-4A92-A538-E7F8E73CB010}
	EndGlobalSection
EndGlobal
